// !$*UTF8*$!
{
	archiveVersion = 1;
	classes = {
	};
	objectVersion = 46;
	objects = {

/* Begin PBXBuildFile section */
		4AC2B7430CA944D0D119AE36 /* Pods_CardNavigationStack.framework in Frameworks */ = {isa = PBXBuildFile; fileRef = 892DB25D839CCAA773B2D79A /* Pods_CardNavigationStack.framework */; };
		DC0C85E11ECF7DF500289F3D /* AppDelegate.swift in Sources */ = {isa = PBXBuildFile; fileRef = DC0C85E01ECF7DF500289F3D /* AppDelegate.swift */; };
		DC0C85E31ECF7DF500289F3D /* CardViewController.swift in Sources */ = {isa = PBXBuildFile; fileRef = DC0C85E21ECF7DF500289F3D /* CardViewController.swift */; };
		DC0C85E81ECF7DF500289F3D /* Assets.xcassets in Resources */ = {isa = PBXBuildFile; fileRef = DC0C85E71ECF7DF500289F3D /* Assets.xcassets */; };
		DC0C85EB1ECF7DF500289F3D /* LaunchScreen.storyboard in Resources */ = {isa = PBXBuildFile; fileRef = DC0C85E91ECF7DF500289F3D /* LaunchScreen.storyboard */; };
		DC0C85F31ECF7E4800289F3D /* CardStackNavigationController.swift in Sources */ = {isa = PBXBuildFile; fileRef = DC0C85F21ECF7E4800289F3D /* CardStackNavigationController.swift */; };
		DC0C85F51ECF975E00289F3D /* UIView+Snapshot.swift in Sources */ = {isa = PBXBuildFile; fileRef = DC0C85F41ECF975E00289F3D /* UIView+Snapshot.swift */; };
		DC0C85F91ECF987300289F3D /* VenueViewController.swift in Sources */ = {isa = PBXBuildFile; fileRef = DC0C85F81ECF987300289F3D /* VenueViewController.swift */; };
		DC24C3C91EF97BA00047604F /* LoadingCard.swift in Sources */ = {isa = PBXBuildFile; fileRef = DC24C3C81EF97B680047604F /* LoadingCard.swift */; };
		DC41920B1EF2D432005FD50A /* CardChild.swift in Sources */ = {isa = PBXBuildFile; fileRef = DC41920A1EF2D432005FD50A /* CardChild.swift */; };
		DC41920D1EF2DEE9005FD50A /* CardGroupStore.swift in Sources */ = {isa = PBXBuildFile; fileRef = DC41920C1EF2DEE9005FD50A /* CardGroupStore.swift */; };
		DC535F821EF3176F00355AE8 /* CardGroup.swift in Sources */ = {isa = PBXBuildFile; fileRef = DC535F811EF3176F00355AE8 /* CardGroup.swift */; };
		DC70BCE21EF457A5007740A5 /* CardStackViewController.swift in Sources */ = {isa = PBXBuildFile; fileRef = DC70BCE11EF457A5007740A5 /* CardStackViewController.swift */; };
		DC70BCE41EF826C9007740A5 /* TransitionOperation.swift in Sources */ = {isa = PBXBuildFile; fileRef = DC70BCE31EF826C9007740A5 /* TransitionOperation.swift */; };
		DC93791B1EF1CBF700A42E83 /* RootViewController.swift in Sources */ = {isa = PBXBuildFile; fileRef = DC93791A1EF1CBF700A42E83 /* RootViewController.swift */; };
		DCD333C71EEEEE010059EE99 /* UIPanGestureRecognizer+Direction.swift in Sources */ = {isa = PBXBuildFile; fileRef = DCD333C61EEEEE010059EE99 /* UIPanGestureRecognizer+Direction.swift */; };
		DCD333C91EEF19190059EE99 /* Transition.swift in Sources */ = {isa = PBXBuildFile; fileRef = DCD333C81EEF19190059EE99 /* Transition.swift */; };
/* End PBXBuildFile section */

/* Begin PBXFileReference section */
		567FA0F85D535B5C249BDB2B /* Pods-CardNavigationStack.release.xcconfig */ = {isa = PBXFileReference; includeInIndex = 1; lastKnownFileType = text.xcconfig; name = "Pods-CardNavigationStack.release.xcconfig"; path = "Pods/Target Support Files/Pods-CardNavigationStack/Pods-CardNavigationStack.release.xcconfig"; sourceTree = "<group>"; };
		7637F067254D1D4A70350217 /* Pods-CardNavigationStack.debug.xcconfig */ = {isa = PBXFileReference; includeInIndex = 1; lastKnownFileType = text.xcconfig; name = "Pods-CardNavigationStack.debug.xcconfig"; path = "Pods/Target Support Files/Pods-CardNavigationStack/Pods-CardNavigationStack.debug.xcconfig"; sourceTree = "<group>"; };
		892DB25D839CCAA773B2D79A /* Pods_CardNavigationStack.framework */ = {isa = PBXFileReference; explicitFileType = wrapper.framework; includeInIndex = 0; path = Pods_CardNavigationStack.framework; sourceTree = BUILT_PRODUCTS_DIR; };
		DC0C85DD1ECF7DF500289F3D /* CardNavigationStack.app */ = {isa = PBXFileReference; explicitFileType = wrapper.application; includeInIndex = 0; path = CardNavigationStack.app; sourceTree = BUILT_PRODUCTS_DIR; };
		DC0C85E01ECF7DF500289F3D /* AppDelegate.swift */ = {isa = PBXFileReference; lastKnownFileType = sourcecode.swift; path = AppDelegate.swift; sourceTree = "<group>"; };
		DC0C85E21ECF7DF500289F3D /* CardViewController.swift */ = {isa = PBXFileReference; lastKnownFileType = sourcecode.swift; path = CardViewController.swift; sourceTree = "<group>"; };
		DC0C85E71ECF7DF500289F3D /* Assets.xcassets */ = {isa = PBXFileReference; lastKnownFileType = folder.assetcatalog; path = Assets.xcassets; sourceTree = "<group>"; };
		DC0C85EA1ECF7DF500289F3D /* Base */ = {isa = PBXFileReference; lastKnownFileType = file.storyboard; name = Base; path = Base.lproj/LaunchScreen.storyboard; sourceTree = "<group>"; };
		DC0C85EC1ECF7DF500289F3D /* Info.plist */ = {isa = PBXFileReference; lastKnownFileType = text.plist.xml; path = Info.plist; sourceTree = "<group>"; };
		DC0C85F21ECF7E4800289F3D /* CardStackNavigationController.swift */ = {isa = PBXFileReference; fileEncoding = 4; lastKnownFileType = sourcecode.swift; path = CardStackNavigationController.swift; sourceTree = "<group>"; };
		DC0C85F41ECF975E00289F3D /* UIView+Snapshot.swift */ = {isa = PBXFileReference; fileEncoding = 4; lastKnownFileType = sourcecode.swift; path = "UIView+Snapshot.swift"; sourceTree = "<group>"; };
		DC0C85F81ECF987300289F3D /* VenueViewController.swift */ = {isa = PBXFileReference; fileEncoding = 4; lastKnownFileType = sourcecode.swift; path = VenueViewController.swift; sourceTree = "<group>"; };
		DC24C3C81EF97B680047604F /* LoadingCard.swift */ = {isa = PBXFileReference; lastKnownFileType = sourcecode.swift; path = LoadingCard.swift; sourceTree = "<group>"; };
		DC41920A1EF2D432005FD50A /* CardChild.swift */ = {isa = PBXFileReference; lastKnownFileType = sourcecode.swift; path = CardChild.swift; sourceTree = "<group>"; };
		DC41920C1EF2DEE9005FD50A /* CardGroupStore.swift */ = {isa = PBXFileReference; lastKnownFileType = sourcecode.swift; path = CardGroupStore.swift; sourceTree = "<group>"; };
		DC535F811EF3176F00355AE8 /* CardGroup.swift */ = {isa = PBXFileReference; lastKnownFileType = sourcecode.swift; path = CardGroup.swift; sourceTree = "<group>"; };
		DC70BCE11EF457A5007740A5 /* CardStackViewController.swift */ = {isa = PBXFileReference; lastKnownFileType = sourcecode.swift; path = CardStackViewController.swift; sourceTree = "<group>"; };
		DC70BCE31EF826C9007740A5 /* TransitionOperation.swift */ = {isa = PBXFileReference; lastKnownFileType = sourcecode.swift; path = TransitionOperation.swift; sourceTree = "<group>"; };
		DC93791A1EF1CBF700A42E83 /* RootViewController.swift */ = {isa = PBXFileReference; lastKnownFileType = sourcecode.swift; path = RootViewController.swift; sourceTree = "<group>"; };
		DCD333C61EEEEE010059EE99 /* UIPanGestureRecognizer+Direction.swift */ = {isa = PBXFileReference; fileEncoding = 4; lastKnownFileType = sourcecode.swift; path = "UIPanGestureRecognizer+Direction.swift"; sourceTree = "<group>"; };
		DCD333C81EEF19190059EE99 /* Transition.swift */ = {isa = PBXFileReference; fileEncoding = 4; lastKnownFileType = sourcecode.swift; name = Transition.swift; path = "../../live-ios-2/src/live/src/Transition.swift"; sourceTree = "<group>"; };
/* End PBXFileReference section */

/* Begin PBXFrameworksBuildPhase section */
		DC0C85DA1ECF7DF500289F3D /* Frameworks */ = {
			isa = PBXFrameworksBuildPhase;
			buildActionMask = 2147483647;
			files = (
				4AC2B7430CA944D0D119AE36 /* Pods_CardNavigationStack.framework in Frameworks */,
			);
			runOnlyForDeploymentPostprocessing = 0;
		};
/* End PBXFrameworksBuildPhase section */

/* Begin PBXGroup section */
		470C949E542C78D7407753F7 /* Pods */ = {
			isa = PBXGroup;
			children = (
				7637F067254D1D4A70350217 /* Pods-CardNavigationStack.debug.xcconfig */,
				567FA0F85D535B5C249BDB2B /* Pods-CardNavigationStack.release.xcconfig */,
			);
			name = Pods;
			sourceTree = "<group>";
		};
		7780D9696DB855AB9F926A46 /* Frameworks */ = {
			isa = PBXGroup;
			children = (
				892DB25D839CCAA773B2D79A /* Pods_CardNavigationStack.framework */,
			);
			name = Frameworks;
			sourceTree = "<group>";
		};
		DC0C85D41ECF7DF500289F3D = {
			isa = PBXGroup;
			children = (
				DC0C85DF1ECF7DF500289F3D /* CardNavigationStack */,
				DC0C85DE1ECF7DF500289F3D /* Products */,
				470C949E542C78D7407753F7 /* Pods */,
				7780D9696DB855AB9F926A46 /* Frameworks */,
			);
			sourceTree = "<group>";
		};
		DC0C85DE1ECF7DF500289F3D /* Products */ = {
			isa = PBXGroup;
			children = (
				DC0C85DD1ECF7DF500289F3D /* CardNavigationStack.app */,
			);
			name = Products;
			sourceTree = "<group>";
		};
		DC0C85DF1ECF7DF500289F3D /* CardNavigationStack */ = {
			isa = PBXGroup;
			children = (
				DC70BCE51EF83A66007740A5 /* Extensions */,
				DC0C85E01ECF7DF500289F3D /* AppDelegate.swift */,
				DC0C85F81ECF987300289F3D /* VenueViewController.swift */,
				DC0C85E21ECF7DF500289F3D /* CardViewController.swift */,
				DC41920C1EF2DEE9005FD50A /* CardGroupStore.swift */,
				DC41920A1EF2D432005FD50A /* CardChild.swift */,
				DC535F811EF3176F00355AE8 /* CardGroup.swift */,
				DC70BCE11EF457A5007740A5 /* CardStackViewController.swift */,
				DC93791A1EF1CBF700A42E83 /* RootViewController.swift */,
				DCD333C81EEF19190059EE99 /* Transition.swift */,
				DC70BCE31EF826C9007740A5 /* TransitionOperation.swift */,
				DC0C85F21ECF7E4800289F3D /* CardStackNavigationController.swift */,
				DC24C3C81EF97B680047604F /* LoadingCard.swift */,
				DC0C85E71ECF7DF500289F3D /* Assets.xcassets */,
				DC0C85E91ECF7DF500289F3D /* LaunchScreen.storyboard */,
				DC0C85EC1ECF7DF500289F3D /* Info.plist */,
			);
			path = CardNavigationStack;
			sourceTree = "<group>";
		};
		DC70BCE51EF83A66007740A5 /* Extensions */ = {
			isa = PBXGroup;
			children = (
				DC0C85F41ECF975E00289F3D /* UIView+Snapshot.swift */,
				DCD333C61EEEEE010059EE99 /* UIPanGestureRecognizer+Direction.swift */,
			);
			path = Extensions;
			sourceTree = "<group>";
		};
/* End PBXGroup section */

/* Begin PBXNativeTarget section */
		DC0C85DC1ECF7DF500289F3D /* CardNavigationStack */ = {
			isa = PBXNativeTarget;
			buildConfigurationList = DC0C85EF1ECF7DF500289F3D /* Build configuration list for PBXNativeTarget "CardNavigationStack" */;
			buildPhases = (
				44C7C97036DE1214F42F9A93 /* [CP] Check Pods Manifest.lock */,
				DC0C85D91ECF7DF500289F3D /* Sources */,
				DC0C85DA1ECF7DF500289F3D /* Frameworks */,
				DC0C85DB1ECF7DF500289F3D /* Resources */,
				73BC71141C668E6DC810550D /* [CP] Embed Pods Frameworks */,
				8211B9FB4AA6923ABE98081A /* [CP] Copy Pods Resources */,
			);
			buildRules = (
			);
			dependencies = (
			);
			name = CardNavigationStack;
			productName = CardNavigationStack;
			productReference = DC0C85DD1ECF7DF500289F3D /* CardNavigationStack.app */;
			productType = "com.apple.product-type.application";
		};
/* End PBXNativeTarget section */

/* Begin PBXProject section */
		DC0C85D51ECF7DF500289F3D /* Project object */ = {
			isa = PBXProject;
			attributes = {
				LastSwiftUpdateCheck = 0830;
				LastUpgradeCheck = 0830;
				ORGANIZATIONNAME = calendre;
				TargetAttributes = {
					DC0C85DC1ECF7DF500289F3D = {
						CreatedOnToolsVersion = 8.3.2;
						DevelopmentTeam = KZ22KFNH7Z;
						ProvisioningStyle = Automatic;
					};
				};
			};
			buildConfigurationList = DC0C85D81ECF7DF500289F3D /* Build configuration list for PBXProject "CardNavigationStack" */;
			compatibilityVersion = "Xcode 3.2";
			developmentRegion = English;
			hasScannedForEncodings = 0;
			knownRegions = (
				en,
				Base,
			);
			mainGroup = DC0C85D41ECF7DF500289F3D;
			productRefGroup = DC0C85DE1ECF7DF500289F3D /* Products */;
			projectDirPath = "";
			projectRoot = "";
			targets = (
				DC0C85DC1ECF7DF500289F3D /* CardNavigationStack */,
			);
		};
/* End PBXProject section */

/* Begin PBXResourcesBuildPhase section */
		DC0C85DB1ECF7DF500289F3D /* Resources */ = {
			isa = PBXResourcesBuildPhase;
			buildActionMask = 2147483647;
			files = (
				DC0C85EB1ECF7DF500289F3D /* LaunchScreen.storyboard in Resources */,
				DC0C85E81ECF7DF500289F3D /* Assets.xcassets in Resources */,
			);
			runOnlyForDeploymentPostprocessing = 0;
		};
/* End PBXResourcesBuildPhase section */

/* Begin PBXShellScriptBuildPhase section */
		44C7C97036DE1214F42F9A93 /* [CP] Check Pods Manifest.lock */ = {
			isa = PBXShellScriptBuildPhase;
			buildActionMask = 2147483647;
			files = (
			);
			inputPaths = (
			);
			name = "[CP] Check Pods Manifest.lock";
			outputPaths = (
			);
			runOnlyForDeploymentPostprocessing = 0;
			shellPath = /bin/sh;
			shellScript = "diff \"${PODS_PODFILE_DIR_PATH}/Podfile.lock\" \"${PODS_ROOT}/Manifest.lock\" > /dev/null\nif [ $? != 0 ] ; then\n    # print error to STDERR\n    echo \"error: The sandbox is not in sync with the Podfile.lock. Run 'pod install' or update your CocoaPods installation.\" >&2\n    exit 1\nfi\n";
			showEnvVarsInLog = 0;
		};
		73BC71141C668E6DC810550D /* [CP] Embed Pods Frameworks */ = {
			isa = PBXShellScriptBuildPhase;
			buildActionMask = 2147483647;
			files = (
			);
			inputPaths = (
			);
			name = "[CP] Embed Pods Frameworks";
			outputPaths = (
			);
			runOnlyForDeploymentPostprocessing = 0;
			shellPath = /bin/sh;
			shellScript = "\"${SRCROOT}/Pods/Target Support Files/Pods-CardNavigationStack/Pods-CardNavigationStack-frameworks.sh\"\n";
			showEnvVarsInLog = 0;
		};
		8211B9FB4AA6923ABE98081A /* [CP] Copy Pods Resources */ = {
			isa = PBXShellScriptBuildPhase;
			buildActionMask = 2147483647;
			files = (
			);
			inputPaths = (
			);
			name = "[CP] Copy Pods Resources";
			outputPaths = (
			);
			runOnlyForDeploymentPostprocessing = 0;
			shellPath = /bin/sh;
			shellScript = "\"${SRCROOT}/Pods/Target Support Files/Pods-CardNavigationStack/Pods-CardNavigationStack-resources.sh\"\n";
			showEnvVarsInLog = 0;
		};
/* End PBXShellScriptBuildPhase section */

/* Begin PBXSourcesBuildPhase section */
		DC0C85D91ECF7DF500289F3D /* Sources */ = {
			isa = PBXSourcesBuildPhase;
			buildActionMask = 2147483647;
			files = (
				DC24C3C91EF97BA00047604F /* LoadingCard.swift in Sources */,
				DC70BCE21EF457A5007740A5 /* CardStackViewController.swift in Sources */,
				DC70BCE41EF826C9007740A5 /* TransitionOperation.swift in Sources */,
				DCD333C71EEEEE010059EE99 /* UIPanGestureRecognizer+Direction.swift in Sources */,
				DC0C85F91ECF987300289F3D /* VenueViewController.swift in Sources */,
				DC41920D1EF2DEE9005FD50A /* CardGroupStore.swift in Sources */,
				DC93791B1EF1CBF700A42E83 /* RootViewController.swift in Sources */,
				DC0C85F51ECF975E00289F3D /* UIView+Snapshot.swift in Sources */,
				DC0C85F31ECF7E4800289F3D /* CardStackNavigationController.swift in Sources */,
				DC535F821EF3176F00355AE8 /* CardGroup.swift in Sources */,
				DC0C85E31ECF7DF500289F3D /* CardViewController.swift in Sources */,
				DCD333C91EEF19190059EE99 /* Transition.swift in Sources */,
				DC41920B1EF2D432005FD50A /* CardChild.swift in Sources */,
				DC0C85E11ECF7DF500289F3D /* AppDelegate.swift in Sources */,
			);
			runOnlyForDeploymentPostprocessing = 0;
		};
/* End PBXSourcesBuildPhase section */

/* Begin PBXVariantGroup section */
		DC0C85E91ECF7DF500289F3D /* LaunchScreen.storyboard */ = {
			isa = PBXVariantGroup;
			children = (
				DC0C85EA1ECF7DF500289F3D /* Base */,
			);
			name = LaunchScreen.storyboard;
			sourceTree = "<group>";
		};
/* End PBXVariantGroup section */

/* Begin XCBuildConfiguration section */
		DC0C85ED1ECF7DF500289F3D /* Debug */ = {
			isa = XCBuildConfiguration;
			buildSettings = {
				ALWAYS_SEARCH_USER_PATHS = NO;
				CLANG_ANALYZER_NONNULL = YES;
				CLANG_ANALYZER_NUMBER_OBJECT_CONVERSION = YES_AGGRESSIVE;
				CLANG_CXX_LANGUAGE_STANDARD = "gnu++0x";
				CLANG_CXX_LIBRARY = "libc++";
				CLANG_ENABLE_MODULES = YES;
				CLANG_ENABLE_OBJC_ARC = YES;
				CLANG_WARN_BOOL_CONVERSION = YES;
				CLANG_WARN_CONSTANT_CONVERSION = YES;
				CLANG_WARN_DIRECT_OBJC_ISA_USAGE = YES_ERROR;
				CLANG_WARN_DOCUMENTATION_COMMENTS = YES;
				CLANG_WARN_EMPTY_BODY = YES;
				CLANG_WARN_ENUM_CONVERSION = YES;
				CLANG_WARN_INFINITE_RECURSION = YES;
				CLANG_WARN_INT_CONVERSION = YES;
				CLANG_WARN_OBJC_ROOT_CLASS = YES_ERROR;
				CLANG_WARN_SUSPICIOUS_MOVE = YES;
				CLANG_WARN_UNREACHABLE_CODE = YES;
				CLANG_WARN__DUPLICATE_METHOD_MATCH = YES;
				"CODE_SIGN_IDENTITY[sdk=iphoneos*]" = "iPhone Developer";
				COPY_PHASE_STRIP = NO;
				DEBUG_INFORMATION_FORMAT = dwarf;
				ENABLE_STRICT_OBJC_MSGSEND = YES;
				ENABLE_TESTABILITY = YES;
				GCC_C_LANGUAGE_STANDARD = gnu99;
				GCC_DYNAMIC_NO_PIC = NO;
				GCC_NO_COMMON_BLOCKS = YES;
				GCC_OPTIMIZATION_LEVEL = 0;
				GCC_PREPROCESSOR_DEFINITIONS = (
					"DEBUG=1",
					"$(inherited)",
				);
				GCC_WARN_64_TO_32_BIT_CONVERSION = YES;
				GCC_WARN_ABOUT_RETURN_TYPE = YES_ERROR;
				GCC_WARN_UNDECLARED_SELECTOR = YES;
				GCC_WARN_UNINITIALIZED_AUTOS = YES_AGGRESSIVE;
				GCC_WARN_UNUSED_FUNCTION = YES;
				GCC_WARN_UNUSED_VARIABLE = YES;
				IPHONEOS_DEPLOYMENT_TARGET = 11;
				MTL_ENABLE_DEBUG_INFO = YES;
				ONLY_ACTIVE_ARCH = YES;
				SDKROOT = iphoneos;
				SWIFT_ACTIVE_COMPILATION_CONDITIONS = DEBUG;
				SWIFT_OPTIMIZATION_LEVEL = "-Onone";
			};
			name = Debug;
		};
		DC0C85EE1ECF7DF500289F3D /* Release */ = {
			isa = XCBuildConfiguration;
			buildSettings = {
				ALWAYS_SEARCH_USER_PATHS = NO;
				CLANG_ANALYZER_NONNULL = YES;
				CLANG_ANALYZER_NUMBER_OBJECT_CONVERSION = YES_AGGRESSIVE;
				CLANG_CXX_LANGUAGE_STANDARD = "gnu++0x";
				CLANG_CXX_LIBRARY = "libc++";
				CLANG_ENABLE_MODULES = YES;
				CLANG_ENABLE_OBJC_ARC = YES;
				CLANG_WARN_BOOL_CONVERSION = YES;
				CLANG_WARN_CONSTANT_CONVERSION = YES;
				CLANG_WARN_DIRECT_OBJC_ISA_USAGE = YES_ERROR;
				CLANG_WARN_DOCUMENTATION_COMMENTS = YES;
				CLANG_WARN_EMPTY_BODY = YES;
				CLANG_WARN_ENUM_CONVERSION = YES;
				CLANG_WARN_INFINITE_RECURSION = YES;
				CLANG_WARN_INT_CONVERSION = YES;
				CLANG_WARN_OBJC_ROOT_CLASS = YES_ERROR;
				CLANG_WARN_SUSPICIOUS_MOVE = YES;
				CLANG_WARN_UNREACHABLE_CODE = YES;
				CLANG_WARN__DUPLICATE_METHOD_MATCH = YES;
				"CODE_SIGN_IDENTITY[sdk=iphoneos*]" = "iPhone Developer";
				COPY_PHASE_STRIP = NO;
				DEBUG_INFORMATION_FORMAT = "dwarf-with-dsym";
				ENABLE_NS_ASSERTIONS = NO;
				ENABLE_STRICT_OBJC_MSGSEND = YES;
				GCC_C_LANGUAGE_STANDARD = gnu99;
				GCC_NO_COMMON_BLOCKS = YES;
				GCC_WARN_64_TO_32_BIT_CONVERSION = YES;
				GCC_WARN_ABOUT_RETURN_TYPE = YES_ERROR;
				GCC_WARN_UNDECLARED_SELECTOR = YES;
				GCC_WARN_UNINITIALIZED_AUTOS = YES_AGGRESSIVE;
				GCC_WARN_UNUSED_FUNCTION = YES;
				GCC_WARN_UNUSED_VARIABLE = YES;
				IPHONEOS_DEPLOYMENT_TARGET = 11;
				MTL_ENABLE_DEBUG_INFO = NO;
				SDKROOT = iphoneos;
				SWIFT_OPTIMIZATION_LEVEL = "-Owholemodule";
				VALIDATE_PRODUCT = YES;
			};
			name = Release;
		};
		DC0C85F01ECF7DF500289F3D /* Debug */ = {
			isa = XCBuildConfiguration;
			baseConfigurationReference = 7637F067254D1D4A70350217 /* Pods-CardNavigationStack.debug.xcconfig */;
			buildSettings = {
				ASSETCATALOG_COMPILER_APPICON_NAME = AppIcon;
				"CODE_SIGN_IDENTITY[sdk=iphoneos*]" = "iPhone Developer";
				CODE_SIGN_STYLE = Automatic;
				DEVELOPMENT_TEAM = KZ22KFNH7Z;
				INFOPLIST_FILE = CardNavigationStack/Info.plist;
				IPHONEOS_DEPLOYMENT_TARGET = 10.3;
				LD_RUNPATH_SEARCH_PATHS = "$(inherited) @executable_path/Frameworks";
				PRODUCT_BUNDLE_IDENTIFIER = calendre.CardNavigationStack;
				PRODUCT_NAME = "$(TARGET_NAME)";
				PROVISIONING_PROFILE_SPECIFIER = "";
				SWIFT_VERSION = 3.0;
			};
			name = Debug;
		};
		DC0C85F11ECF7DF500289F3D /* Release */ = {
			isa = XCBuildConfiguration;
			baseConfigurationReference = 567FA0F85D535B5C249BDB2B /* Pods-CardNavigationStack.release.xcconfig */;
			buildSettings = {
				ASSETCATALOG_COMPILER_APPICON_NAME = AppIcon;
				"CODE_SIGN_IDENTITY[sdk=iphoneos*]" = "iPhone Developer";
				CODE_SIGN_STYLE = Automatic;
				DEVELOPMENT_TEAM = KZ22KFNH7Z;
				INFOPLIST_FILE = CardNavigationStack/Info.plist;
				IPHONEOS_DEPLOYMENT_TARGET = 10.3;
				LD_RUNPATH_SEARCH_PATHS = "$(inherited) @executable_path/Frameworks";
				PRODUCT_BUNDLE_IDENTIFIER = calendre.CardNavigationStack;
				PRODUCT_NAME = "$(TARGET_NAME)";
				PROVISIONING_PROFILE_SPECIFIER = "";
				SWIFT_VERSION = 3.0;
			};
			name = Release;
		};
/* End XCBuildConfiguration section */

/* Begin XCConfigurationList section */
		DC0C85D81ECF7DF500289F3D /* Build configuration list for PBXProject "CardNavigationStack" */ = {
			isa = XCConfigurationList;
			buildConfigurations = (
				DC0C85ED1ECF7DF500289F3D /* Debug */,
				DC0C85EE1ECF7DF500289F3D /* Release */,
			);
			defaultConfigurationIsVisible = 0;
			defaultConfigurationName = Release;
		};
		DC0C85EF1ECF7DF500289F3D /* Build configuration list for PBXNativeTarget "CardNavigationStack" */ = {
			isa = XCConfigurationList;
			buildConfigurations = (
				DC0C85F01ECF7DF500289F3D /* Debug */,
				DC0C85F11ECF7DF500289F3D /* Release */,
			);
			defaultConfigurationIsVisible = 0;
			defaultConfigurationName = Release;
		};
/* End XCConfigurationList section */
	};
	rootObject = DC0C85D51ECF7DF500289F3D /* Project object */;
}
